// !$*UTF8*$!
{
	archiveVersion = 1;
	classes = {
	};
	objectVersion = 56;
	objects = {

/* Begin PBXBuildFile section */
		43E793F8299445AA00AEFD6A /* AppStoreHeroAnimationApp.swift in Sources */ = {isa = PBXBuildFile; fileRef = 43E793F7299445AA00AEFD6A /* AppStoreHeroAnimationApp.swift */; };
		43E793FC299445AB00AEFD6A /* Assets.xcassets in Resources */ = {isa = PBXBuildFile; fileRef = 43E793FB299445AB00AEFD6A /* Assets.xcassets */; };
		43E793FF299445AB00AEFD6A /* Preview Assets.xcassets in Resources */ = {isa = PBXBuildFile; fileRef = 43E793FE299445AB00AEFD6A /* Preview Assets.xcassets */; };
		43E7940C299447BB00AEFD6A /* Today.swift in Sources */ = {isa = PBXBuildFile; fileRef = 43E7940B299447BB00AEFD6A /* Today.swift */; };
		43E7940E299448C200AEFD6A /* HomeView.swift in Sources */ = {isa = PBXBuildFile; fileRef = 43E7940D299448C200AEFD6A /* HomeView.swift */; };
		43E7941229944E2400AEFD6A /* CustomCorner.swift in Sources */ = {isa = PBXBuildFile; fileRef = 43E7941129944E2400AEFD6A /* CustomCorner.swift */; };
/* End PBXBuildFile section */

/* Begin PBXFileReference section */
		43E793F4299445AA00AEFD6A /* AppStoreHeroAnimation.app */ = {isa = PBXFileReference; explicitFileType = wrapper.application; includeInIndex = 0; path = AppStoreHeroAnimation.app; sourceTree = BUILT_PRODUCTS_DIR; };
		43E793F7299445AA00AEFD6A /* AppStoreHeroAnimationApp.swift */ = {isa = PBXFileReference; lastKnownFileType = sourcecode.swift; path = AppStoreHeroAnimationApp.swift; sourceTree = "<group>"; };
		43E793FB299445AB00AEFD6A /* Assets.xcassets */ = {isa = PBXFileReference; lastKnownFileType = folder.assetcatalog; path = Assets.xcassets; sourceTree = "<group>"; };
		43E793FE299445AB00AEFD6A /* Preview Assets.xcassets */ = {isa = PBXFileReference; lastKnownFileType = folder.assetcatalog; path = "Preview Assets.xcassets"; sourceTree = "<group>"; };
		43E7940B299447BB00AEFD6A /* Today.swift */ = {isa = PBXFileReference; lastKnownFileType = sourcecode.swift; path = Today.swift; sourceTree = "<group>"; };
		43E7940D299448C200AEFD6A /* HomeView.swift */ = {isa = PBXFileReference; lastKnownFileType = sourcecode.swift; path = HomeView.swift; sourceTree = "<group>"; };
		43E7941129944E2400AEFD6A /* CustomCorner.swift */ = {isa = PBXFileReference; lastKnownFileType = sourcecode.swift; path = CustomCorner.swift; sourceTree = "<group>"; };
/* End PBXFileReference section */

/* Begin PBXFrameworksBuildPhase section */
		43E793F1299445AA00AEFD6A /* Frameworks */ = {
			isa = PBXFrameworksBuildPhase;
			buildActionMask = 2147483647;
			files = (
			);
			runOnlyForDeploymentPostprocessing = 0;
		};
/* End PBXFrameworksBuildPhase section */

/* Begin PBXGroup section */
		43E793EB299445AA00AEFD6A = {
			isa = PBXGroup;
			children = (
				43E793F6299445AA00AEFD6A /* AppStoreHeroAnimation */,
				43E793F5299445AA00AEFD6A /* Products */,
			);
			sourceTree = "<group>";
		};
		43E793F5299445AA00AEFD6A /* Products */ = {
			isa = PBXGroup;
			children = (
				43E793F4299445AA00AEFD6A /* AppStoreHeroAnimation.app */,
			);
			name = Products;
			sourceTree = "<group>";
		};
		43E793F6299445AA00AEFD6A /* AppStoreHeroAnimation */ = {
			isa = PBXGroup;
			children = (
				43E7940A2994478B00AEFD6A /* App */,
				43E794062994470700AEFD6A /* Models */,
				43E794052994470500AEFD6A /* Core */,
				43E793FB299445AB00AEFD6A /* Assets.xcassets */,
				43E793FD299445AB00AEFD6A /* Preview Content */,
			);
			path = AppStoreHeroAnimation;
			sourceTree = "<group>";
		};
		43E793FD299445AB00AEFD6A /* Preview Content */ = {
			isa = PBXGroup;
			children = (
				43E793FE299445AB00AEFD6A /* Preview Assets.xcassets */,
			);
			path = "Preview Content";
			sourceTree = "<group>";
		};
		43E794052994470500AEFD6A /* Core */ = {
			isa = PBXGroup;
			children = (
				43E794072994471000AEFD6A /* Home */,
			);
			path = Core;
			sourceTree = "<group>";
		};
		43E794062994470700AEFD6A /* Models */ = {
			isa = PBXGroup;
			children = (
				43E7940B299447BB00AEFD6A /* Today.swift */,
			);
			path = Models;
			sourceTree = "<group>";
		};
		43E794072994471000AEFD6A /* Home */ = {
			isa = PBXGroup;
			children = (
				43E794092994471F00AEFD6A /* Views */,
				43E794082994471A00AEFD6A /* ViewModel */,
			);
			path = Home;
			sourceTree = "<group>";
		};
		43E794082994471A00AEFD6A /* ViewModel */ = {
			isa = PBXGroup;
			children = (
			);
			path = ViewModel;
			sourceTree = "<group>";
		};
		43E794092994471F00AEFD6A /* Views */ = {
			isa = PBXGroup;
			children = (
				43E7940D299448C200AEFD6A /* HomeView.swift */,
				43E7941129944E2400AEFD6A /* CustomCorner.swift */,
			);
			path = Views;
			sourceTree = "<group>";
		};
		43E7940A2994478B00AEFD6A /* App */ = {
			isa = PBXGroup;
			children = (
				43E793F7299445AA00AEFD6A /* AppStoreHeroAnimationApp.swift */,
			);
			path = App;
			sourceTree = "<group>";
		};
/* End PBXGroup section */

/* Begin PBXNativeTarget section */
		43E793F3299445AA00AEFD6A /* AppStoreHeroAnimation */ = {
			isa = PBXNativeTarget;
			buildConfigurationList = 43E79402299445AB00AEFD6A /* Build configuration list for PBXNativeTarget "AppStoreHeroAnimation" */;
			buildPhases = (
				43E793F0299445AA00AEFD6A /* Sources */,
				43E793F1299445AA00AEFD6A /* Frameworks */,
				43E793F2299445AA00AEFD6A /* Resources */,
			);
			buildRules = (
			);
			dependencies = (
			);
			name = AppStoreHeroAnimation;
			productName = AppStoreHeroAnimation;
			productReference = 43E793F4299445AA00AEFD6A /* AppStoreHeroAnimation.app */;
			productType = "com.apple.product-type.application";
		};
/* End PBXNativeTarget section */

/* Begin PBXProject section */
		43E793EC299445AA00AEFD6A /* Project object */ = {
			isa = PBXProject;
			attributes = {
				BuildIndependentTargetsInParallel = 1;
				LastSwiftUpdateCheck = 1420;
				LastUpgradeCheck = 1420;
				TargetAttributes = {
					43E793F3299445AA00AEFD6A = {
						CreatedOnToolsVersion = 14.2;
					};
				};
			};
			buildConfigurationList = 43E793EF299445AA00AEFD6A /* Build configuration list for PBXProject "AppStoreHeroAnimation" */;
			compatibilityVersion = "Xcode 14.0";
			developmentRegion = en;
			hasScannedForEncodings = 0;
			knownRegions = (
				en,
				Base,
			);
			mainGroup = 43E793EB299445AA00AEFD6A;
			productRefGroup = 43E793F5299445AA00AEFD6A /* Products */;
			projectDirPath = "";
			projectRoot = "";
			targets = (
				43E793F3299445AA00AEFD6A /* AppStoreHeroAnimation */,
			);
		};
/* End PBXProject section */

/* Begin PBXResourcesBuildPhase section */
		43E793F2299445AA00AEFD6A /* Resources */ = {
			isa = PBXResourcesBuildPhase;
			buildActionMask = 2147483647;
			files = (
				43E793FF299445AB00AEFD6A /* Preview Assets.xcassets in Resources */,
				43E793FC299445AB00AEFD6A /* Assets.xcassets in Resources */,
			);
			runOnlyForDeploymentPostprocessing = 0;
		};
/* End PBXResourcesBuildPhase section */

/* Begin PBXSourcesBuildPhase section */
		43E793F0299445AA00AEFD6A /* Sources */ = {
			isa = PBXSourcesBuildPhase;
			buildActionMask = 2147483647;
			files = (
				43E793F8299445AA00AEFD6A /* AppStoreHeroAnimationApp.swift in Sources */,
				43E7941229944E2400AEFD6A /* CustomCorner.swift in Sources */,
				43E7940E299448C200AEFD6A /* HomeView.swift in Sources */,
				43E7940C299447BB00AEFD6A /* Today.swift in Sources */,
			);
			runOnlyForDeploymentPostprocessing = 0;
		};
/* End PBXSourcesBuildPhase section */

/* Begin XCBuildConfiguration section */
		43E79400299445AB00AEFD6A /* Debug */ = {
			isa = XCBuildConfiguration;
			buildSettings = {
				ALWAYS_SEARCH_USER_PATHS = NO;
				CLANG_ANALYZER_NONNULL = YES;
				CLANG_ANALYZER_NUMBER_OBJECT_CONVERSION = YES_AGGRESSIVE;
				CLANG_CXX_LANGUAGE_STANDARD = "gnu++20";
				CLANG_ENABLE_MODULES = YES;
				CLANG_ENABLE_OBJC_ARC = YES;
				CLANG_ENABLE_OBJC_WEAK = YES;
				CLANG_WARN_BLOCK_CAPTURE_AUTORELEASING = YES;
				CLANG_WARN_BOOL_CONVERSION = YES;
				CLANG_WARN_COMMA = YES;
				CLANG_WARN_CONSTANT_CONVERSION = YES;
				CLANG_WARN_DEPRECATED_OBJC_IMPLEMENTATIONS = YES;
				CLANG_WARN_DIRECT_OBJC_ISA_USAGE = YES_ERROR;
				CLANG_WARN_DOCUMENTATION_COMMENTS = YES;
				CLANG_WARN_EMPTY_BODY = YES;
				CLANG_WARN_ENUM_CONVERSION = YES;
				CLANG_WARN_INFINITE_RECURSION = YES;
				CLANG_WARN_INT_CONVERSION = YES;
				CLANG_WARN_NON_LITERAL_NULL_CONVERSION = YES;
				CLANG_WARN_OBJC_IMPLICIT_RETAIN_SELF = YES;
				CLANG_WARN_OBJC_LITERAL_CONVERSION = YES;
				CLANG_WARN_OBJC_ROOT_CLASS = YES_ERROR;
				CLANG_WARN_QUOTED_INCLUDE_IN_FRAMEWORK_HEADER = YES;
				CLANG_WARN_RANGE_LOOP_ANALYSIS = YES;
				CLANG_WARN_STRICT_PROTOTYPES = YES;
				CLANG_WARN_SUSPICIOUS_MOVE = YES;
				CLANG_WARN_UNGUARDED_AVAILABILITY = YES_AGGRESSIVE;
				CLANG_WARN_UNREACHABLE_CODE = YES;
				CLANG_WARN__DUPLICATE_METHOD_MATCH = YES;
				COPY_PHASE_STRIP = NO;
				DEBUG_INFORMATION_FORMAT = dwarf;
				ENABLE_STRICT_OBJC_MSGSEND = YES;
				ENABLE_TESTABILITY = YES;
				GCC_C_LANGUAGE_STANDARD = gnu11;
				GCC_DYNAMIC_NO_PIC = NO;
				GCC_NO_COMMON_BLOCKS = YES;
				GCC_OPTIMIZATION_LEVEL = 0;
				GCC_PREPROCESSOR_DEFINITIONS = (
					"DEBUG=1",
					"$(inherited)",
				);
				GCC_WARN_64_TO_32_BIT_CONVERSION = YES;
				GCC_WARN_ABOUT_RETURN_TYPE = YES_ERROR;
				GCC_WARN_UNDECLARED_SELECTOR = YES;
				GCC_WARN_UNINITIALIZED_AUTOS = YES_AGGRESSIVE;
				GCC_WARN_UNUSED_FUNCTION = YES;
				GCC_WARN_UNUSED_VARIABLE = YES;
				IPHONEOS_DEPLOYMENT_TARGET = 16.2;
				MTL_ENABLE_DEBUG_INFO = INCLUDE_SOURCE;
				MTL_FAST_MATH = YES;
				ONLY_ACTIVE_ARCH = YES;
				SDKROOT = iphoneos;
				SWIFT_ACTIVE_COMPILATION_CONDITIONS = DEBUG;
				SWIFT_OPTIMIZATION_LEVEL = "-Onone";
			};
			name = Debug;
		};
		43E79401299445AB00AEFD6A /* Release */ = {
			isa = XCBuildConfiguration;
			buildSettings = {
				ALWAYS_SEARCH_USER_PATHS = NO;
				CLANG_ANALYZER_NONNULL = YES;
				CLANG_ANALYZER_NUMBER_OBJECT_CONVERSION = YES_AGGRESSIVE;
				CLANG_CXX_LANGUAGE_STANDARD = "gnu++20";
				CLANG_ENABLE_MODULES = YES;
				CLANG_ENABLE_OBJC_ARC = YES;
				CLANG_ENABLE_OBJC_WEAK = YES;
				CLANG_WARN_BLOCK_CAPTURE_AUTORELEASING = YES;
				CLANG_WARN_BOOL_CONVERSION = YES;
				CLANG_WARN_COMMA = YES;
				CLANG_WARN_CONSTANT_CONVERSION = YES;
				CLANG_WARN_DEPRECATED_OBJC_IMPLEMENTATIONS = YES;
				CLANG_WARN_DIRECT_OBJC_ISA_USAGE = YES_ERROR;
				CLANG_WARN_DOCUMENTATION_COMMENTS = YES;
				CLANG_WARN_EMPTY_BODY = YES;
				CLANG_WARN_ENUM_CONVERSION = YES;
				CLANG_WARN_INFINITE_RECURSION = YES;
				CLANG_WARN_INT_CONVERSION = YES;
				CLANG_WARN_NON_LITERAL_NULL_CONVERSION = YES;
				CLANG_WARN_OBJC_IMPLICIT_RETAIN_SELF = YES;
				CLANG_WARN_OBJC_LITERAL_CONVERSION = YES;
				CLANG_WARN_OBJC_ROOT_CLASS = YES_ERROR;
				CLANG_WARN_QUOTED_INCLUDE_IN_FRAMEWORK_HEADER = YES;
				CLANG_WARN_RANGE_LOOP_ANALYSIS = YES;
				CLANG_WARN_STRICT_PROTOTYPES = YES;
				CLANG_WARN_SUSPICIOUS_MOVE = YES;
				CLANG_WARN_UNGUARDED_AVAILABILITY = YES_AGGRESSIVE;
				CLANG_WARN_UNREACHABLE_CODE = YES;
				CLANG_WARN__DUPLICATE_METHOD_MATCH = YES;
				COPY_PHASE_STRIP = NO;
				DEBUG_INFORMATION_FORMAT = "dwarf-with-dsym";
				ENABLE_NS_ASSERTIONS = NO;
				ENABLE_STRICT_OBJC_MSGSEND = YES;
				GCC_C_LANGUAGE_STANDARD = gnu11;
				GCC_NO_COMMON_BLOCKS = YES;
				GCC_WARN_64_TO_32_BIT_CONVERSION = YES;
				GCC_WARN_ABOUT_RETURN_TYPE = YES_ERROR;
				GCC_WARN_UNDECLARED_SELECTOR = YES;
				GCC_WARN_UNINITIALIZED_AUTOS = YES_AGGRESSIVE;
				GCC_WARN_UNUSED_FUNCTION = YES;
				GCC_WARN_UNUSED_VARIABLE = YES;
				IPHONEOS_DEPLOYMENT_TARGET = 16.2;
				MTL_ENABLE_DEBUG_INFO = NO;
				MTL_FAST_MATH = YES;
				SDKROOT = iphoneos;
				SWIFT_COMPILATION_MODE = wholemodule;
				SWIFT_OPTIMIZATION_LEVEL = "-O";
				VALIDATE_PRODUCT = YES;
			};
			name = Release;
		};
		43E79403299445AB00AEFD6A /* Debug */ = {
			isa = XCBuildConfiguration;
			buildSettings = {
				ASSETCATALOG_COMPILER_APPICON_NAME = AppIcon;
				ASSETCATALOG_COMPILER_GLOBAL_ACCENT_COLOR_NAME = AccentColor;
				CODE_SIGN_STYLE = Automatic;
				CURRENT_PROJECT_VERSION = 1;
				DEVELOPMENT_ASSET_PATHS = "\"AppStoreHeroAnimation/Preview Content\"";
				DEVELOPMENT_TEAM = 72SVK4HY2X;
				ENABLE_PREVIEWS = YES;
				GENERATE_INFOPLIST_FILE = YES;
				INFOPLIST_KEY_UIApplicationSceneManifest_Generation = YES;
				INFOPLIST_KEY_UIApplicationSupportsIndirectInputEvents = YES;
				INFOPLIST_KEY_UILaunchScreen_Generation = YES;
				INFOPLIST_KEY_UISupportedInterfaceOrientations_iPad = "UIInterfaceOrientationPortrait UIInterfaceOrientationPortraitUpsideDown UIInterfaceOrientationLandscapeLeft UIInterfaceOrientationLandscapeRight";
				INFOPLIST_KEY_UISupportedInterfaceOrientations_iPhone = "UIInterfaceOrientationPortrait UIInterfaceOrientationLandscapeLeft UIInterfaceOrientationLandscapeRight";
				LD_RUNPATH_SEARCH_PATHS = (
					"$(inherited)",
					"@executable_path/Frameworks",
				);
				MARKETING_VERSION = 1.0;
				PRODUCT_BUNDLE_IDENTIFIER = com.zedsfeat.AppStoreHeroAnimation;
				PRODUCT_NAME = "$(TARGET_NAME)";
				SWIFT_EMIT_LOC_STRINGS = YES;
				SWIFT_VERSION = 5.0;
				TARGETED_DEVICE_FAMILY = "1,2";
			};
			name = Debug;
		};
		43E79404299445AB00AEFD6A /* Release */ = {
			isa = XCBuildConfiguration;
			buildSettings = {
				ASSETCATALOG_COMPILER_APPICON_NAME = AppIcon;
				ASSETCATALOG_COMPILER_GLOBAL_ACCENT_COLOR_NAME = AccentColor;
				CODE_SIGN_STYLE = Automatic;
				CURRENT_PROJECT_VERSION = 1;
				DEVELOPMENT_ASSET_PATHS = "\"AppStoreHeroAnimation/Preview Content\"";
				DEVELOPMENT_TEAM = 72SVK4HY2X;
				ENABLE_PREVIEWS = YES;
				GENERATE_INFOPLIST_FILE = YES;
				INFOPLIST_KEY_UIApplicationSceneManifest_Generation = YES;
				INFOPLIST_KEY_UIApplicationSupportsIndirectInputEvents = YES;
				INFOPLIST_KEY_UILaunchScreen_Generation = YES;
				INFOPLIST_KEY_UISupportedInterfaceOrientations_iPad = "UIInterfaceOrientationPortrait UIInterfaceOrientationPortraitUpsideDown UIInterfaceOrientationLandscapeLeft UIInterfaceOrientationLandscapeRight";
				INFOPLIST_KEY_UISupportedInterfaceOrientations_iPhone = "UIInterfaceOrientationPortrait UIInterfaceOrientationLandscapeLeft UIInterfaceOrientationLandscapeRight";
				LD_RUNPATH_SEARCH_PATHS = (
					"$(inherited)",
					"@executable_path/Frameworks",
				);
				MARKETING_VERSION = 1.0;
				PRODUCT_BUNDLE_IDENTIFIER = com.zedsfeat.AppStoreHeroAnimation;
				PRODUCT_NAME = "$(TARGET_NAME)";
				SWIFT_EMIT_LOC_STRINGS = YES;
				SWIFT_VERSION = 5.0;
				TARGETED_DEVICE_FAMILY = "1,2";
			};
			name = Release;
		};
/* End XCBuildConfiguration section */

/* Begin XCConfigurationList section */
		43E793EF299445AA00AEFD6A /* Build configuration list for PBXProject "AppStoreHeroAnimation" */ = {
			isa = XCConfigurationList;
			buildConfigurations = (
				43E79400299445AB00AEFD6A /* Debug */,
				43E79401299445AB00AEFD6A /* Release */,
			);
			defaultConfigurationIsVisible = 0;
			defaultConfigurationName = Release;
		};
		43E79402299445AB00AEFD6A /* Build configuration list for PBXNativeTarget "AppStoreHeroAnimation" */ = {
			isa = XCConfigurationList;
			buildConfigurations = (
				43E79403299445AB00AEFD6A /* Debug */,
				43E79404299445AB00AEFD6A /* Release */,
			);
			defaultConfigurationIsVisible = 0;
			defaultConfigurationName = Release;
		};
/* End XCConfigurationList section */
	};
	rootObject = 43E793EC299445AA00AEFD6A /* Project object */;
}
